{
  "originHash" : "c37ae0f7f3518db2d2851f1d654d53a0ab68ac4d501b348e23b297e327290a1c",
  "pins" : [
    {
      "identity" : "pythonkit",
      "kind" : "remoteSourceControl",
      "location" : "https://github.com/pvieito/PythonKit.git",
      "state" : {
        "revision" : "e1d34f95c58189b771bfc8423b9b2cf8fc651664",
        "version" : "1.0.0"
      }
    }
  ],
  "version" : 3
}
